
Microsoft Visual Studio Solution File, Format Version 10.00
# Visual Studio 2008
Project("{FAE04EC0-301F-11D3-BF4B-00C04F79EFBC}") = "DuplicateImageDetector", "DuplicateImageDetector\DuplicateImageDetector.csproj", "{C9134288-13DE-4478-99D3-ADC70DC1C9B0}"
EndProject
Global
	GlobalSection(SolutionConfigurationPlatforms) = preSolution
		Debug|x86 = Debug|x86
		Release|x86 = Release|x86
	EndGlobalSection
	GlobalSection(ProjectConfigurationPlatforms) = postSolution
		{C9134288-13DE-4478-99D3-ADC70DC1C9B0}.Debug|x86.ActiveCfg = Debug|x86
		{C9134288-13DE-4478-99D3-ADC70DC1C9B0}.Debug|x86.Build.0 = Debug|x86
		{C9134288-13DE-4478-99D3-ADC70DC1C9B0}.Release|x86.ActiveCfg = Release|x86
		{C9134288-13DE-4478-99D3-ADC70DC1C9B0}.Release|x86.Build.0 = Release|x86
	EndGlobalSection
	GlobalSection(MonoDevelopProperties) = preSolution
		StartupItem = DuplicateImageDetector\DuplicateImageDetector.csproj
	EndGlobalSection
EndGlobal
