
Microsoft Visual Studio Solution File, Format Version 11.00
# Visual Studio 2010
Project("{FAE04EC0-301F-11D3-BF4B-00C04F79EFBC}") = "DbMigration", "DbMigration\DbMigration.csproj", "{A1A3DA4A-7A9D-4A51-943E-B9DE73E16B1E}"
EndProject
Global
	GlobalSection(SolutionConfigurationPlatforms) = preSolution
		Debug|x86 = Debug|x86
		Release|x86 = Release|x86
	EndGlobalSection
	GlobalSection(ProjectConfigurationPlatforms) = postSolution
		{A1A3DA4A-7A9D-4A51-943E-B9DE73E16B1E}.Debug|x86.ActiveCfg = Debug|x86
		{A1A3DA4A-7A9D-4A51-943E-B9DE73E16B1E}.Debug|x86.Build.0 = Debug|x86
		{A1A3DA4A-7A9D-4A51-943E-B9DE73E16B1E}.Release|x86.ActiveCfg = Release|x86
		{A1A3DA4A-7A9D-4A51-943E-B9DE73E16B1E}.Release|x86.Build.0 = Release|x86
	EndGlobalSection
	GlobalSection(MonoDevelopProperties) = preSolution
		StartupItem = DbMigration\DbMigration.csproj
	EndGlobalSection
EndGlobal
